
Microsoft Visual Studio Solution File, Format Version 12.00
# Visual Studio Version 16
VisualStudioVersion = 16.0.29613.14
MinimumVisualStudioVersion = 10.0.40219.1
Project("{9A19103F-16F7-4668-BE54-9A1E7A4F7556}") = "Google.Api.Generator", "Google.Api.Generator\Google.Api.Generator.csproj", "{C28A3B50-A61C-488C-9E2A-82A5C38C8B6B}"
EndProject
Project("{9A19103F-16F7-4668-BE54-9A1E7A4F7556}") = "Google.Api.Generator.Tests", "Google.Api.Generator.Tests\Google.Api.Generator.Tests.csproj", "{7F2B20B6-4F23-49D7-9D12-EC767631E5D8}"
EndProject
Global
	GlobalSection(SolutionConfigurationPlatforms) = preSolution
		Debug|Any CPU = Debug|Any CPU
		Release|Any CPU = Release|Any CPU
	EndGlobalSection
	GlobalSection(ProjectConfigurationPlatforms) = postSolution
		{C28A3B50-A61C-488C-9E2A-82A5C38C8B6B}.Debug|Any CPU.ActiveCfg = Debug|Any CPU
		{C28A3B50-A61C-488C-9E2A-82A5C38C8B6B}.Debug|Any CPU.Build.0 = Debug|Any CPU
		{C28A3B50-A61C-488C-9E2A-82A5C38C8B6B}.Release|Any CPU.ActiveCfg = Release|Any CPU
		{C28A3B50-A61C-488C-9E2A-82A5C38C8B6B}.Release|Any CPU.Build.0 = Release|Any CPU
		{7F2B20B6-4F23-49D7-9D12-EC767631E5D8}.Debug|Any CPU.ActiveCfg = Debug|Any CPU
		{7F2B20B6-4F23-49D7-9D12-EC767631E5D8}.Debug|Any CPU.Build.0 = Debug|Any CPU
		{7F2B20B6-4F23-49D7-9D12-EC767631E5D8}.Release|Any CPU.ActiveCfg = Release|Any CPU
		{7F2B20B6-4F23-49D7-9D12-EC767631E5D8}.Release|Any CPU.Build.0 = Release|Any CPU
	EndGlobalSection
	GlobalSection(SolutionProperties) = preSolution
		HideSolutionNode = FALSE
	EndGlobalSection
	GlobalSection(ExtensibilityGlobals) = postSolution
		SolutionGuid = {F9ED012C-E4CB-44D7-A806-C80712C88159}
	EndGlobalSection
EndGlobal
